// !$*UTF8*$!
{
	archiveVersion = 1;
	classes = {
	};
	objectVersion = 46;
	objects = {

/* Begin PBXBuildFile section */
		81687E4D167B30A7005EB1A8 /* CRAppDelegate.m in Sources */ = {isa = PBXBuildFile; fileRef = 81687E27167B30A7005EB1A8 /* CRAppDelegate.m */; };
		81687E4E167B30A7005EB1A8 /* CRAppDelegate.m in Sources */ = {isa = PBXBuildFile; fileRef = 81687E27167B30A7005EB1A8 /* CRAppDelegate.m */; };
		81687E4F167B30A7005EB1A8 /* CRCell.m in Sources */ = {isa = PBXBuildFile; fileRef = 81687E29167B30A7005EB1A8 /* CRCell.m */; };
		81687E50167B30A7005EB1A8 /* CRCell.m in Sources */ = {isa = PBXBuildFile; fileRef = 81687E29167B30A7005EB1A8 /* CRCell.m */; };
		81687E51167B30A7005EB1A8 /* CRVessel.m in Sources */ = {isa = PBXBuildFile; fileRef = 81687E2B167B30A7005EB1A8 /* CRVessel.m */; };
		81687E52167B30A7005EB1A8 /* CRVessel.m in Sources */ = {isa = PBXBuildFile; fileRef = 81687E2B167B30A7005EB1A8 /* CRVessel.m */; };
		81687E53167B30A7005EB1A8 /* CRFoodDistributionCenter.m in Sources */ = {isa = PBXBuildFile; fileRef = 81687E2D167B30A7005EB1A8 /* CRFoodDistributionCenter.m */; };
		81687E54167B30A7005EB1A8 /* CRFoodDistributionCenter.m in Sources */ = {isa = PBXBuildFile; fileRef = 81687E2D167B30A7005EB1A8 /* CRFoodDistributionCenter.m */; };
		81687E55167B30A7005EB1A8 /* CRFoodFlow.m in Sources */ = {isa = PBXBuildFile; fileRef = 81687E2F167B30A7005EB1A8 /* CRFoodFlow.m */; };
		81687E56167B30A7005EB1A8 /* CRFoodFlow.m in Sources */ = {isa = PBXBuildFile; fileRef = 81687E2F167B30A7005EB1A8 /* CRFoodFlow.m */; };
		81687E57167B30A7005EB1A8 /* CRFoodSource.m in Sources */ = {isa = PBXBuildFile; fileRef = 81687E31167B30A7005EB1A8 /* CRFoodSource.m */; };
		81687E58167B30A7005EB1A8 /* CRFoodSource.m in Sources */ = {isa = PBXBuildFile; fileRef = 81687E31167B30A7005EB1A8 /* CRFoodSource.m */; };
		81687E59167B30A7005EB1A8 /* CRFoodSourceCapacity.m in Sources */ = {isa = PBXBuildFile; fileRef = 81687E33167B30A7005EB1A8 /* CRFoodSourceCapacity.m */; };
		81687E5A167B30A7005EB1A8 /* CRFoodSourceCapacity.m in Sources */ = {isa = PBXBuildFile; fileRef = 81687E33167B30A7005EB1A8 /* CRFoodSourceCapacity.m */; };
		81687E5B167B30A7005EB1A8 /* CRGameScene.m in Sources */ = {isa = PBXBuildFile; fileRef = 81687E35167B30A7005EB1A8 /* CRGameScene.m */; };
		81687E5C167B30A7005EB1A8 /* CRGameScene.m in Sources */ = {isa = PBXBuildFile; fileRef = 81687E35167B30A7005EB1A8 /* CRGameScene.m */; };
		81687E5D167B30A7005EB1A8 /* CRGameViewController.m in Sources */ = {isa = PBXBuildFile; fileRef = 81687E37167B30A7005EB1A8 /* CRGameViewController.m */; };
		81687E5E167B30A7005EB1A8 /* CRGameViewController.m in Sources */ = {isa = PBXBuildFile; fileRef = 81687E37167B30A7005EB1A8 /* CRGameViewController.m */; };
		81687E5F167B30A7005EB1A8 /* CRNeoplasm.m in Sources */ = {isa = PBXBuildFile; fileRef = 81687E3A167B30A7005EB1A8 /* CRNeoplasm.m */; };
		81687E60167B30A7005EB1A8 /* CRNeoplasm.m in Sources */ = {isa = PBXBuildFile; fileRef = 81687E3A167B30A7005EB1A8 /* CRNeoplasm.m */; };
		81687E61167B30A7005EB1A8 /* CRNode.m in Sources */ = {isa = PBXBuildFile; fileRef = 81687E3C167B30A7005EB1A8 /* CRNode.m */; };
		81687E62167B30A7005EB1A8 /* CRNode.m in Sources */ = {isa = PBXBuildFile; fileRef = 81687E3C167B30A7005EB1A8 /* CRNode.m */; };
		81687E63167B30A7005EB1A8 /* CRPulse.m in Sources */ = {isa = PBXBuildFile; fileRef = 81687E3E167B30A7005EB1A8 /* CRPulse.m */; };
		81687E64167B30A7005EB1A8 /* CRPulse.m in Sources */ = {isa = PBXBuildFile; fileRef = 81687E3E167B30A7005EB1A8 /* CRPulse.m */; };
		81687E65167B30A7005EB1A8 /* CRScene.m in Sources */ = {isa = PBXBuildFile; fileRef = 81687E40167B30A7005EB1A8 /* CRScene.m */; };
		81687E66167B30A7005EB1A8 /* CRScene.m in Sources */ = {isa = PBXBuildFile; fileRef = 81687E40167B30A7005EB1A8 /* CRScene.m */; };
		81687E67167B30A7005EB1A8 /* CRSprite.m in Sources */ = {isa = PBXBuildFile; fileRef = 81687E42167B30A7005EB1A8 /* CRSprite.m */; };
		81687E68167B30A7005EB1A8 /* CRSprite.m in Sources */ = {isa = PBXBuildFile; fileRef = 81687E42167B30A7005EB1A8 /* CRSprite.m */; };
		81687E69167B30A7005EB1A8 /* Default-568h@2x.png in Resources */ = {isa = PBXBuildFile; fileRef = 81687E43167B30A7005EB1A8 /* Default-568h@2x.png */; };
		81687E6A167B30A7005EB1A8 /* Default-568h@2x.png in Resources */ = {isa = PBXBuildFile; fileRef = 81687E43167B30A7005EB1A8 /* Default-568h@2x.png */; };
		81687E6B167B30A7005EB1A8 /* Default.png in Resources */ = {isa = PBXBuildFile; fileRef = 81687E44167B30A7005EB1A8 /* Default.png */; };
		81687E6C167B30A7005EB1A8 /* Default.png in Resources */ = {isa = PBXBuildFile; fileRef = 81687E44167B30A7005EB1A8 /* Default.png */; };
		81687E6D167B30A7005EB1A8 /* Default@2x.png in Resources */ = {isa = PBXBuildFile; fileRef = 81687E45167B30A7005EB1A8 /* Default@2x.png */; };
		81687E6E167B30A7005EB1A8 /* Default@2x.png in Resources */ = {isa = PBXBuildFile; fileRef = 81687E45167B30A7005EB1A8 /* Default@2x.png */; };
		81687E70167B30A7005EB1A8 /* InfoPlist.strings in Resources */ = {isa = PBXBuildFile; fileRef = 81687E47167B30A7005EB1A8 /* InfoPlist.strings */; };
		81687E71167B30A7005EB1A8 /* main.m in Sources */ = {isa = PBXBuildFile; fileRef = 81687E49167B30A7005EB1A8 /* main.m */; };
		81687E72167B30A7005EB1A8 /* main.m in Sources */ = {isa = PBXBuildFile; fileRef = 81687E49167B30A7005EB1A8 /* main.m */; };
		81687E73167B30A7005EB1A8 /* MainStoryboard.storyboard in Resources */ = {isa = PBXBuildFile; fileRef = 81687E4A167B30A7005EB1A8 /* MainStoryboard.storyboard */; };
		81687E74167B30A7005EB1A8 /* MainStoryboard.storyboard in Resources */ = {isa = PBXBuildFile; fileRef = 81687E4A167B30A7005EB1A8 /* MainStoryboard.storyboard */; };
		81687E76167B30A7005EB1A8 /* Neoplasm-Info.plist in Resources */ = {isa = PBXBuildFile; fileRef = 81687E4B167B30A7005EB1A8 /* Neoplasm-Info.plist */; };
		8172656B167B5B2D0054D34D /* CRRenderedNode.m in Sources */ = {isa = PBXBuildFile; fileRef = 8172656A167B5B2D0054D34D /* CRRenderedNode.m */; };
		8172656C167B5B2D0054D34D /* CRRenderedNode.m in Sources */ = {isa = PBXBuildFile; fileRef = 8172656A167B5B2D0054D34D /* CRRenderedNode.m */; };
		818503771674AFA20021295D /* UIKit.framework in Frameworks */ = {isa = PBXBuildFile; fileRef = 818503761674AFA20021295D /* UIKit.framework */; };
		818503791674AFA20021295D /* Foundation.framework in Frameworks */ = {isa = PBXBuildFile; fileRef = 818503781674AFA20021295D /* Foundation.framework */; };
		8185037B1674AFA20021295D /* CoreGraphics.framework in Frameworks */ = {isa = PBXBuildFile; fileRef = 8185037A1674AFA20021295D /* CoreGraphics.framework */; };
		818503951674AFA30021295D /* SenTestingKit.framework in Frameworks */ = {isa = PBXBuildFile; fileRef = 818503941674AFA30021295D /* SenTestingKit.framework */; };
		818503961674AFA30021295D /* UIKit.framework in Frameworks */ = {isa = PBXBuildFile; fileRef = 818503761674AFA20021295D /* UIKit.framework */; };
		818503971674AFA30021295D /* Foundation.framework in Frameworks */ = {isa = PBXBuildFile; fileRef = 818503781674AFA20021295D /* Foundation.framework */; };
		818503AC1674AFCA0021295D /* GLKit.framework in Frameworks */ = {isa = PBXBuildFile; fileRef = 818503AB1674AFCA0021295D /* GLKit.framework */; };
		818503AE1674AFD00021295D /* OpenGLES.framework in Frameworks */ = {isa = PBXBuildFile; fileRef = 818503AD1674AFD00021295D /* OpenGLES.framework */; };
/* End PBXBuildFile section */

/* Begin PBXContainerItemProxy section */
		818503981674AFA30021295D /* PBXContainerItemProxy */ = {
			isa = PBXContainerItemProxy;
			containerPortal = 818503691674AFA20021295D /* Project object */;
			proxyType = 1;
			remoteGlobalIDString = 818503711674AFA20021295D;
			remoteInfo = Cancer;
		};
/* End PBXContainerItemProxy section */

/* Begin PBXFileReference section */
		81687E26167B30A7005EB1A8 /* CRAppDelegate.h */ = {isa = PBXFileReference; fileEncoding = 4; lastKnownFileType = sourcecode.c.h; name = CRAppDelegate.h; path = Neoplasm/CRAppDelegate.h; sourceTree = "<group>"; };
		81687E27167B30A7005EB1A8 /* CRAppDelegate.m */ = {isa = PBXFileReference; fileEncoding = 4; lastKnownFileType = sourcecode.c.objc; name = CRAppDelegate.m; path = Neoplasm/CRAppDelegate.m; sourceTree = "<group>"; };
		81687E28167B30A7005EB1A8 /* CRCell.h */ = {isa = PBXFileReference; fileEncoding = 4; lastKnownFileType = sourcecode.c.h; name = CRCell.h; path = Neoplasm/CRCell.h; sourceTree = "<group>"; };
		81687E29167B30A7005EB1A8 /* CRCell.m */ = {isa = PBXFileReference; fileEncoding = 4; lastKnownFileType = sourcecode.c.objc; name = CRCell.m; path = Neoplasm/CRCell.m; sourceTree = "<group>"; };
		81687E2A167B30A7005EB1A8 /* CRVessel.h */ = {isa = PBXFileReference; fileEncoding = 4; lastKnownFileType = sourcecode.c.h; name = CRVessel.h; path = Neoplasm/CRVessel.h; sourceTree = "<group>"; };
		81687E2B167B30A7005EB1A8 /* CRVessel.m */ = {isa = PBXFileReference; fileEncoding = 4; lastKnownFileType = sourcecode.c.objc; name = CRVessel.m; path = Neoplasm/CRVessel.m; sourceTree = "<group>"; };
		81687E2C167B30A7005EB1A8 /* CRFoodDistributionCenter.h */ = {isa = PBXFileReference; fileEncoding = 4; lastKnownFileType = sourcecode.c.h; name = CRFoodDistributionCenter.h; path = Neoplasm/CRFoodDistributionCenter.h; sourceTree = "<group>"; };
		81687E2D167B30A7005EB1A8 /* CRFoodDistributionCenter.m */ = {isa = PBXFileReference; fileEncoding = 4; lastKnownFileType = sourcecode.c.objc; name = CRFoodDistributionCenter.m; path = Neoplasm/CRFoodDistributionCenter.m; sourceTree = "<group>"; };
		81687E2E167B30A7005EB1A8 /* CRFoodFlow.h */ = {isa = PBXFileReference; fileEncoding = 4; lastKnownFileType = sourcecode.c.h; name = CRFoodFlow.h; path = Neoplasm/CRFoodFlow.h; sourceTree = "<group>"; };
		81687E2F167B30A7005EB1A8 /* CRFoodFlow.m */ = {isa = PBXFileReference; fileEncoding = 4; lastKnownFileType = sourcecode.c.objc; name = CRFoodFlow.m; path = Neoplasm/CRFoodFlow.m; sourceTree = "<group>"; };
		81687E30167B30A7005EB1A8 /* CRFoodSource.h */ = {isa = PBXFileReference; fileEncoding = 4; lastKnownFileType = sourcecode.c.h; name = CRFoodSource.h; path = Neoplasm/CRFoodSource.h; sourceTree = "<group>"; };
		81687E31167B30A7005EB1A8 /* CRFoodSource.m */ = {isa = PBXFileReference; fileEncoding = 4; lastKnownFileType = sourcecode.c.objc; name = CRFoodSource.m; path = Neoplasm/CRFoodSource.m; sourceTree = "<group>"; };
		81687E32167B30A7005EB1A8 /* CRFoodSourceCapacity.h */ = {isa = PBXFileReference; fileEncoding = 4; lastKnownFileType = sourcecode.c.h; name = CRFoodSourceCapacity.h; path = Neoplasm/CRFoodSourceCapacity.h; sourceTree = "<group>"; };
		81687E33167B30A7005EB1A8 /* CRFoodSourceCapacity.m */ = {isa = PBXFileReference; fileEncoding = 4; lastKnownFileType = sourcecode.c.objc; name = CRFoodSourceCapacity.m; path = Neoplasm/CRFoodSourceCapacity.m; sourceTree = "<group>"; };
		81687E34167B30A7005EB1A8 /* CRGameScene.h */ = {isa = PBXFileReference; fileEncoding = 4; lastKnownFileType = sourcecode.c.h; name = CRGameScene.h; path = Neoplasm/CRGameScene.h; sourceTree = "<group>"; };
		81687E35167B30A7005EB1A8 /* CRGameScene.m */ = {isa = PBXFileReference; fileEncoding = 4; lastKnownFileType = sourcecode.c.objc; name = CRGameScene.m; path = Neoplasm/CRGameScene.m; sourceTree = "<group>"; };
		81687E36167B30A7005EB1A8 /* CRGameViewController.h */ = {isa = PBXFileReference; fileEncoding = 4; lastKnownFileType = sourcecode.c.h; name = CRGameViewController.h; path = Neoplasm/CRGameViewController.h; sourceTree = "<group>"; };
		81687E37167B30A7005EB1A8 /* CRGameViewController.m */ = {isa = PBXFileReference; fileEncoding = 4; lastKnownFileType = sourcecode.c.objc; name = CRGameViewController.m; path = Neoplasm/CRGameViewController.m; sourceTree = "<group>"; };
		81687E38167B30A7005EB1A8 /* CRGeometry.h */ = {isa = PBXFileReference; fileEncoding = 4; lastKnownFileType = sourcecode.c.h; name = CRGeometry.h; path = Neoplasm/CRGeometry.h; sourceTree = "<group>"; };
		81687E39167B30A7005EB1A8 /* CRNeoplasm.h */ = {isa = PBXFileReference; fileEncoding = 4; lastKnownFileType = sourcecode.c.h; name = CRNeoplasm.h; path = Neoplasm/CRNeoplasm.h; sourceTree = "<group>"; };
		81687E3A167B30A7005EB1A8 /* CRNeoplasm.m */ = {isa = PBXFileReference; fileEncoding = 4; lastKnownFileType = sourcecode.c.objc; name = CRNeoplasm.m; path = Neoplasm/CRNeoplasm.m; sourceTree = "<group>"; };
		81687E3B167B30A7005EB1A8 /* CRNode.h */ = {isa = PBXFileReference; fileEncoding = 4; lastKnownFileType = sourcecode.c.h; name = CRNode.h; path = Neoplasm/CRNode.h; sourceTree = "<group>"; };
		81687E3C167B30A7005EB1A8 /* CRNode.m */ = {isa = PBXFileReference; fileEncoding = 4; lastKnownFileType = sourcecode.c.objc; name = CRNode.m; path = Neoplasm/CRNode.m; sourceTree = "<group>"; };
		81687E3D167B30A7005EB1A8 /* CRPulse.h */ = {isa = PBXFileReference; fileEncoding = 4; lastKnownFileType = sourcecode.c.h; name = CRPulse.h; path = Neoplasm/CRPulse.h; sourceTree = "<group>"; };
		81687E3E167B30A7005EB1A8 /* CRPulse.m */ = {isa = PBXFileReference; fileEncoding = 4; lastKnownFileType = sourcecode.c.objc; name = CRPulse.m; path = Neoplasm/CRPulse.m; sourceTree = "<group>"; };
		81687E3F167B30A7005EB1A8 /* CRScene.h */ = {isa = PBXFileReference; fileEncoding = 4; lastKnownFileType = sourcecode.c.h; name = CRScene.h; path = Neoplasm/CRScene.h; sourceTree = "<group>"; };
		81687E40167B30A7005EB1A8 /* CRScene.m */ = {isa = PBXFileReference; fileEncoding = 4; lastKnownFileType = sourcecode.c.objc; name = CRScene.m; path = Neoplasm/CRScene.m; sourceTree = "<group>"; };
		81687E41167B30A7005EB1A8 /* CRSprite.h */ = {isa = PBXFileReference; fileEncoding = 4; lastKnownFileType = sourcecode.c.h; name = CRSprite.h; path = Neoplasm/CRSprite.h; sourceTree = "<group>"; };
		81687E42167B30A7005EB1A8 /* CRSprite.m */ = {isa = PBXFileReference; fileEncoding = 4; lastKnownFileType = sourcecode.c.objc; name = CRSprite.m; path = Neoplasm/CRSprite.m; sourceTree = "<group>"; };
		81687E43167B30A7005EB1A8 /* Default-568h@2x.png */ = {isa = PBXFileReference; lastKnownFileType = image.png; name = "Default-568h@2x.png"; path = "Neoplasm/Default-568h@2x.png"; sourceTree = "<group>"; };
		81687E44167B30A7005EB1A8 /* Default.png */ = {isa = PBXFileReference; lastKnownFileType = image.png; name = Default.png; path = Neoplasm/Default.png; sourceTree = "<group>"; };
		81687E45167B30A7005EB1A8 /* Default@2x.png */ = {isa = PBXFileReference; lastKnownFileType = image.png; name = "Default@2x.png"; path = "Neoplasm/Default@2x.png"; sourceTree = "<group>"; };
		81687E48167B30A7005EB1A8 /* en */ = {isa = PBXFileReference; lastKnownFileType = text.plist.strings; name = en; path = InfoPlist.strings; sourceTree = "<group>"; };
		81687E49167B30A7005EB1A8 /* main.m */ = {isa = PBXFileReference; fileEncoding = 4; lastKnownFileType = sourcecode.c.objc; name = main.m; path = Neoplasm/main.m; sourceTree = "<group>"; };
		81687E4A167B30A7005EB1A8 /* MainStoryboard.storyboard */ = {isa = PBXFileReference; fileEncoding = 4; lastKnownFileType = file.storyboard; name = MainStoryboard.storyboard; path = Neoplasm/MainStoryboard.storyboard; sourceTree = "<group>"; };
		81687E4B167B30A7005EB1A8 /* Neoplasm-Info.plist */ = {isa = PBXFileReference; fileEncoding = 4; lastKnownFileType = text.plist.xml; name = "Neoplasm-Info.plist"; path = "Neoplasm/Neoplasm-Info.plist"; sourceTree = "<group>"; };
		81687E4C167B30A7005EB1A8 /* Neoplasm-Prefix.pch */ = {isa = PBXFileReference; fileEncoding = 4; lastKnownFileType = sourcecode.c.h; name = "Neoplasm-Prefix.pch"; path = "Neoplasm/Neoplasm-Prefix.pch"; sourceTree = "<group>"; };
		81726569167B5B2D0054D34D /* CRRenderedNode.h */ = {isa = PBXFileReference; fileEncoding = 4; lastKnownFileType = sourcecode.c.h; name = CRRenderedNode.h; path = Neoplasm/CRRenderedNode.h; sourceTree = "<group>"; };
		8172656A167B5B2D0054D34D /* CRRenderedNode.m */ = {isa = PBXFileReference; fileEncoding = 4; lastKnownFileType = sourcecode.c.objc; name = CRRenderedNode.m; path = Neoplasm/CRRenderedNode.m; sourceTree = "<group>"; };
		818503721674AFA20021295D /* Neoplasm.app */ = {isa = PBXFileReference; explicitFileType = wrapper.application; includeInIndex = 0; path = Neoplasm.app; sourceTree = BUILT_PRODUCTS_DIR; };
		818503761674AFA20021295D /* UIKit.framework */ = {isa = PBXFileReference; lastKnownFileType = wrapper.framework; name = UIKit.framework; path = System/Library/Frameworks/UIKit.framework; sourceTree = SDKROOT; };
		818503781674AFA20021295D /* Foundation.framework */ = {isa = PBXFileReference; lastKnownFileType = wrapper.framework; name = Foundation.framework; path = System/Library/Frameworks/Foundation.framework; sourceTree = SDKROOT; };
		8185037A1674AFA20021295D /* CoreGraphics.framework */ = {isa = PBXFileReference; lastKnownFileType = wrapper.framework; name = CoreGraphics.framework; path = System/Library/Frameworks/CoreGraphics.framework; sourceTree = SDKROOT; };
		818503931674AFA30021295D /* NeoplasmTests.octest */ = {isa = PBXFileReference; explicitFileType = wrapper.cfbundle; includeInIndex = 0; path = NeoplasmTests.octest; sourceTree = BUILT_PRODUCTS_DIR; };
		818503941674AFA30021295D /* SenTestingKit.framework */ = {isa = PBXFileReference; lastKnownFileType = wrapper.framework; name = SenTestingKit.framework; path = Library/Frameworks/SenTestingKit.framework; sourceTree = DEVELOPER_DIR; };
		818503AB1674AFCA0021295D /* GLKit.framework */ = {isa = PBXFileReference; lastKnownFileType = wrapper.framework; name = GLKit.framework; path = System/Library/Frameworks/GLKit.framework; sourceTree = SDKROOT; };
		818503AD1674AFD00021295D /* OpenGLES.framework */ = {isa = PBXFileReference; lastKnownFileType = wrapper.framework; name = OpenGLES.framework; path = System/Library/Frameworks/OpenGLES.framework; sourceTree = SDKROOT; };
/* End PBXFileReference section */

/* Begin PBXFrameworksBuildPhase section */
		8185036F1674AFA20021295D /* Frameworks */ = {
			isa = PBXFrameworksBuildPhase;
			buildActionMask = 2147483647;
			files = (
				818503AE1674AFD00021295D /* OpenGLES.framework in Frameworks */,
				818503AC1674AFCA0021295D /* GLKit.framework in Frameworks */,
				818503771674AFA20021295D /* UIKit.framework in Frameworks */,
				818503791674AFA20021295D /* Foundation.framework in Frameworks */,
				8185037B1674AFA20021295D /* CoreGraphics.framework in Frameworks */,
			);
			runOnlyForDeploymentPostprocessing = 0;
		};
		8185038F1674AFA30021295D /* Frameworks */ = {
			isa = PBXFrameworksBuildPhase;
			buildActionMask = 2147483647;
			files = (
				818503951674AFA30021295D /* SenTestingKit.framework in Frameworks */,
				818503961674AFA30021295D /* UIKit.framework in Frameworks */,
				818503971674AFA30021295D /* Foundation.framework in Frameworks */,
			);
			runOnlyForDeploymentPostprocessing = 0;
		};
/* End PBXFrameworksBuildPhase section */

/* Begin PBXGroup section */
		81687E46167B30A7005EB1A8 /* en.lproj */ = {
			isa = PBXGroup;
			children = (
				81687E47167B30A7005EB1A8 /* InfoPlist.strings */,
			);
			name = en.lproj;
			path = Neoplasm/en.lproj;
			sourceTree = "<group>";
		};
		81687E78167B30CB005EB1A8 /* Supporting Files */ = {
			isa = PBXGroup;
			children = (
				81687E26167B30A7005EB1A8 /* CRAppDelegate.h */,
				81687E27167B30A7005EB1A8 /* CRAppDelegate.m */,
				81687E46167B30A7005EB1A8 /* en.lproj */,
				81687E43167B30A7005EB1A8 /* Default-568h@2x.png */,
				81687E44167B30A7005EB1A8 /* Default.png */,
				81687E45167B30A7005EB1A8 /* Default@2x.png */,
				81687E49167B30A7005EB1A8 /* main.m */,
				81687E4B167B30A7005EB1A8 /* Neoplasm-Info.plist */,
				81687E4C167B30A7005EB1A8 /* Neoplasm-Prefix.pch */,
			);
			name = "Supporting Files";
			sourceTree = "<group>";
		};
		81687E79167B311A005EB1A8 /* Nodes */ = {
			isa = PBXGroup;
			children = (
				81687E3B167B30A7005EB1A8 /* CRNode.h */,
				81687E3C167B30A7005EB1A8 /* CRNode.m */,
				81726569167B5B2D0054D34D /* CRRenderedNode.h */,
				8172656A167B5B2D0054D34D /* CRRenderedNode.m */,
				81687E41167B30A7005EB1A8 /* CRSprite.h */,
				81687E42167B30A7005EB1A8 /* CRSprite.m */,
				81687E28167B30A7005EB1A8 /* CRCell.h */,
				81687E29167B30A7005EB1A8 /* CRCell.m */,
				81687E2A167B30A7005EB1A8 /* CRVessel.h */,
				81687E2B167B30A7005EB1A8 /* CRVessel.m */,
				81687E39167B30A7005EB1A8 /* CRNeoplasm.h */,
				81687E3A167B30A7005EB1A8 /* CRNeoplasm.m */,
				81687E3F167B30A7005EB1A8 /* CRScene.h */,
				81687E40167B30A7005EB1A8 /* CRScene.m */,
				81687E34167B30A7005EB1A8 /* CRGameScene.h */,
				81687E35167B30A7005EB1A8 /* CRGameScene.m */,
			);
			name = Nodes;
			sourceTree = "<group>";
		};
		81687E7A167B3120005EB1A8 /* User Interface */ = {
			isa = PBXGroup;
			children = (
				81687E4A167B30A7005EB1A8 /* MainStoryboard.storyboard */,
			);
			name = "User Interface";
			sourceTree = "<group>";
		};
		818503671674AFA20021295D = {
			isa = PBXGroup;
			children = (
				81687E7A167B3120005EB1A8 /* User Interface */,
				81687E79167B311A005EB1A8 /* Nodes */,
				81687E2C167B30A7005EB1A8 /* CRFoodDistributionCenter.h */,
				81687E2D167B30A7005EB1A8 /* CRFoodDistributionCenter.m */,
				81687E2E167B30A7005EB1A8 /* CRFoodFlow.h */,
				81687E2F167B30A7005EB1A8 /* CRFoodFlow.m */,
				81687E30167B30A7005EB1A8 /* CRFoodSource.h */,
				81687E31167B30A7005EB1A8 /* CRFoodSource.m */,
				81687E32167B30A7005EB1A8 /* CRFoodSourceCapacity.h */,
				81687E33167B30A7005EB1A8 /* CRFoodSourceCapacity.m */,
				81687E36167B30A7005EB1A8 /* CRGameViewController.h */,
				81687E37167B30A7005EB1A8 /* CRGameViewController.m */,
				81687E38167B30A7005EB1A8 /* CRGeometry.h */,
				81687E3D167B30A7005EB1A8 /* CRPulse.h */,
				81687E3E167B30A7005EB1A8 /* CRPulse.m */,
				81687E78167B30CB005EB1A8 /* Supporting Files */,
				818503751674AFA20021295D /* Frameworks */,
				818503731674AFA20021295D /* Products */,
			);
			sourceTree = "<group>";
		};
		818503731674AFA20021295D /* Products */ = {
			isa = PBXGroup;
			children = (
				818503721674AFA20021295D /* Neoplasm.app */,
				818503931674AFA30021295D /* NeoplasmTests.octest */,
			);
			name = Products;
			sourceTree = "<group>";
		};
		818503751674AFA20021295D /* Frameworks */ = {
			isa = PBXGroup;
			children = (
				818503AD1674AFD00021295D /* OpenGLES.framework */,
				818503AB1674AFCA0021295D /* GLKit.framework */,
				818503761674AFA20021295D /* UIKit.framework */,
				818503781674AFA20021295D /* Foundation.framework */,
				8185037A1674AFA20021295D /* CoreGraphics.framework */,
				818503941674AFA30021295D /* SenTestingKit.framework */,
			);
			name = Frameworks;
			sourceTree = "<group>";
		};
/* End PBXGroup section */

/* Begin PBXNativeTarget section */
		818503711674AFA20021295D /* Neoplasm */ = {
			isa = PBXNativeTarget;
			buildConfigurationList = 818503A51674AFA30021295D /* Build configuration list for PBXNativeTarget "Neoplasm" */;
			buildPhases = (
				8185036E1674AFA20021295D /* Sources */,
				8185036F1674AFA20021295D /* Frameworks */,
				818503701674AFA20021295D /* Resources */,
			);
			buildRules = (
			);
			dependencies = (
			);
			name = Neoplasm;
			productName = Cancer;
			productReference = 818503721674AFA20021295D /* Neoplasm.app */;
			productType = "com.apple.product-type.application";
		};
		818503921674AFA30021295D /* NeoplasmTests */ = {
			isa = PBXNativeTarget;
			buildConfigurationList = 818503A81674AFA30021295D /* Build configuration list for PBXNativeTarget "NeoplasmTests" */;
			buildPhases = (
				8185038E1674AFA30021295D /* Sources */,
				8185038F1674AFA30021295D /* Frameworks */,
				818503901674AFA30021295D /* Resources */,
				818503911674AFA30021295D /* ShellScript */,
			);
			buildRules = (
			);
			dependencies = (
				818503991674AFA30021295D /* PBXTargetDependency */,
			);
			name = NeoplasmTests;
			productName = CancerTests;
			productReference = 818503931674AFA30021295D /* NeoplasmTests.octest */;
			productType = "com.apple.product-type.bundle";
		};
/* End PBXNativeTarget section */

/* Begin PBXProject section */
		818503691674AFA20021295D /* Project object */ = {
			isa = PBXProject;
			attributes = {
				CLASSPREFIX = CR;
				LastUpgradeCheck = 0450;
				ORGANIZATIONNAME = "Lukas Gianinazzi";
			};
			buildConfigurationList = 8185036C1674AFA20021295D /* Build configuration list for PBXProject "Neoplasm" */;
			compatibilityVersion = "Xcode 3.2";
			developmentRegion = English;
			hasScannedForEncodings = 0;
			knownRegions = (
				en,
			);
			mainGroup = 818503671674AFA20021295D;
			productRefGroup = 818503731674AFA20021295D /* Products */;
			projectDirPath = "";
			projectRoot = "";
			targets = (
				818503711674AFA20021295D /* Neoplasm */,
				818503921674AFA30021295D /* NeoplasmTests */,
			);
		};
/* End PBXProject section */

/* Begin PBXResourcesBuildPhase section */
		818503701674AFA20021295D /* Resources */ = {
			isa = PBXResourcesBuildPhase;
			buildActionMask = 2147483647;
			files = (
				81687E69167B30A7005EB1A8 /* Default-568h@2x.png in Resources */,
				81687E6B167B30A7005EB1A8 /* Default.png in Resources */,
				81687E6D167B30A7005EB1A8 /* Default@2x.png in Resources */,
				81687E73167B30A7005EB1A8 /* MainStoryboard.storyboard in Resources */,
			);
			runOnlyForDeploymentPostprocessing = 0;
		};
		818503901674AFA30021295D /* Resources */ = {
			isa = PBXResourcesBuildPhase;
			buildActionMask = 2147483647;
			files = (
				81687E6A167B30A7005EB1A8 /* Default-568h@2x.png in Resources */,
				81687E6C167B30A7005EB1A8 /* Default.png in Resources */,
				81687E6E167B30A7005EB1A8 /* Default@2x.png in Resources */,
				81687E70167B30A7005EB1A8 /* InfoPlist.strings in Resources */,
				81687E74167B30A7005EB1A8 /* MainStoryboard.storyboard in Resources */,
				81687E76167B30A7005EB1A8 /* Neoplasm-Info.plist in Resources */,
			);
			runOnlyForDeploymentPostprocessing = 0;
		};
/* End PBXResourcesBuildPhase section */

/* Begin PBXShellScriptBuildPhase section */
		818503911674AFA30021295D /* ShellScript */ = {
			isa = PBXShellScriptBuildPhase;
			buildActionMask = 2147483647;
			files = (
			);
			inputPaths = (
			);
			outputPaths = (
			);
			runOnlyForDeploymentPostprocessing = 0;
			shellPath = /bin/sh;
			shellScript = "# Run the unit tests in this test bundle.\n\"${SYSTEM_DEVELOPER_DIR}/Tools/RunUnitTests\"\n";
		};
/* End PBXShellScriptBuildPhase section */

/* Begin PBXSourcesBuildPhase section */
		8185036E1674AFA20021295D /* Sources */ = {
			isa = PBXSourcesBuildPhase;
			buildActionMask = 2147483647;
			files = (
				81687E4D167B30A7005EB1A8 /* CRAppDelegate.m in Sources */,
				81687E4F167B30A7005EB1A8 /* CRCell.m in Sources */,
				81687E51167B30A7005EB1A8 /* CRVessel.m in Sources */,
				81687E53167B30A7005EB1A8 /* CRFoodDistributionCenter.m in Sources */,
				81687E55167B30A7005EB1A8 /* CRFoodFlow.m in Sources */,
				81687E57167B30A7005EB1A8 /* CRFoodSource.m in Sources */,
				81687E59167B30A7005EB1A8 /* CRFoodSourceCapacity.m in Sources */,
				81687E5B167B30A7005EB1A8 /* CRGameScene.m in Sources */,
				81687E5D167B30A7005EB1A8 /* CRGameViewController.m in Sources */,
				81687E5F167B30A7005EB1A8 /* CRNeoplasm.m in Sources */,
				81687E61167B30A7005EB1A8 /* CRNode.m in Sources */,
				81687E63167B30A7005EB1A8 /* CRPulse.m in Sources */,
				81687E65167B30A7005EB1A8 /* CRScene.m in Sources */,
				81687E67167B30A7005EB1A8 /* CRSprite.m in Sources */,
				81687E71167B30A7005EB1A8 /* main.m in Sources */,
				8172656B167B5B2D0054D34D /* CRRenderedNode.m in Sources */,
			);
			runOnlyForDeploymentPostprocessing = 0;
		};
		8185038E1674AFA30021295D /* Sources */ = {
			isa = PBXSourcesBuildPhase;
			buildActionMask = 2147483647;
			files = (
				81687E4E167B30A7005EB1A8 /* CRAppDelegate.m in Sources */,
				81687E50167B30A7005EB1A8 /* CRCell.m in Sources */,
				81687E52167B30A7005EB1A8 /* CRVessel.m in Sources */,
				81687E54167B30A7005EB1A8 /* CRFoodDistributionCenter.m in Sources */,
				81687E56167B30A7005EB1A8 /* CRFoodFlow.m in Sources */,
				81687E58167B30A7005EB1A8 /* CRFoodSource.m in Sources */,
				81687E5A167B30A7005EB1A8 /* CRFoodSourceCapacity.m in Sources */,
				81687E5C167B30A7005EB1A8 /* CRGameScene.m in Sources */,
				81687E5E167B30A7005EB1A8 /* CRGameViewController.m in Sources */,
				81687E60167B30A7005EB1A8 /* CRNeoplasm.m in Sources */,
				81687E62167B30A7005EB1A8 /* CRNode.m in Sources */,
				81687E64167B30A7005EB1A8 /* CRPulse.m in Sources */,
				81687E66167B30A7005EB1A8 /* CRScene.m in Sources */,
				81687E68167B30A7005EB1A8 /* CRSprite.m in Sources */,
				81687E72167B30A7005EB1A8 /* main.m in Sources */,
				8172656C167B5B2D0054D34D /* CRRenderedNode.m in Sources */,
			);
			runOnlyForDeploymentPostprocessing = 0;
		};
/* End PBXSourcesBuildPhase section */

/* Begin PBXTargetDependency section */
		818503991674AFA30021295D /* PBXTargetDependency */ = {
			isa = PBXTargetDependency;
			target = 818503711674AFA20021295D /* Neoplasm */;
			targetProxy = 818503981674AFA30021295D /* PBXContainerItemProxy */;
		};
/* End PBXTargetDependency section */

/* Begin PBXVariantGroup section */
		81687E47167B30A7005EB1A8 /* InfoPlist.strings */ = {
			isa = PBXVariantGroup;
			children = (
				81687E48167B30A7005EB1A8 /* en */,
			);
			name = InfoPlist.strings;
			sourceTree = "<group>";
		};
/* End PBXVariantGroup section */

/* Begin XCBuildConfiguration section */
		818503A31674AFA30021295D /* Debug */ = {
			isa = XCBuildConfiguration;
			buildSettings = {
				ALWAYS_SEARCH_USER_PATHS = NO;
				CLANG_CXX_LANGUAGE_STANDARD = "gnu++0x";
				CLANG_CXX_LIBRARY = "libc++";
				CLANG_ENABLE_OBJC_ARC = YES;
				CLANG_WARN_EMPTY_BODY = YES;
				CLANG_WARN__DUPLICATE_METHOD_MATCH = YES;
				"CODE_SIGN_IDENTITY[sdk=iphoneos*]" = "iPhone Developer";
				COPY_PHASE_STRIP = NO;
				GCC_C_LANGUAGE_STANDARD = gnu99;
				GCC_DYNAMIC_NO_PIC = NO;
				GCC_OPTIMIZATION_LEVEL = 0;
				GCC_PREPROCESSOR_DEFINITIONS = (
					"DEBUG=1",
					"$(inherited)",
				);
				GCC_SYMBOLS_PRIVATE_EXTERN = NO;
				GCC_WARN_ABOUT_RETURN_TYPE = YES;
				GCC_WARN_UNINITIALIZED_AUTOS = YES;
				GCC_WARN_UNUSED_VARIABLE = YES;
				IPHONEOS_DEPLOYMENT_TARGET = 6.0;
				ONLY_ACTIVE_ARCH = YES;
				SDKROOT = iphoneos;
			};
			name = Debug;
		};
		818503A41674AFA30021295D /* Release */ = {
			isa = XCBuildConfiguration;
			buildSettings = {
				ALWAYS_SEARCH_USER_PATHS = NO;
				CLANG_CXX_LANGUAGE_STANDARD = "gnu++0x";
				CLANG_CXX_LIBRARY = "libc++";
				CLANG_ENABLE_OBJC_ARC = YES;
				CLANG_WARN_EMPTY_BODY = YES;
				CLANG_WARN__DUPLICATE_METHOD_MATCH = YES;
				"CODE_SIGN_IDENTITY[sdk=iphoneos*]" = "iPhone Developer";
				COPY_PHASE_STRIP = YES;
				GCC_C_LANGUAGE_STANDARD = gnu99;
				GCC_WARN_ABOUT_RETURN_TYPE = YES;
				GCC_WARN_UNINITIALIZED_AUTOS = YES;
				GCC_WARN_UNUSED_VARIABLE = YES;
				IPHONEOS_DEPLOYMENT_TARGET = 6.0;
				OTHER_CFLAGS = "-DNS_BLOCK_ASSERTIONS=1";
				SDKROOT = iphoneos;
				VALIDATE_PRODUCT = YES;
			};
			name = Release;
		};
		818503A61674AFA30021295D /* Debug */ = {
			isa = XCBuildConfiguration;
			buildSettings = {
				GCC_PRECOMPILE_PREFIX_HEADER = YES;
				GCC_PREFIX_HEADER = "Neoplasm/Neoplasm-Prefix.pch";
				INFOPLIST_FILE = "$(SRCROOT)/Neoplasm/Neoplasm-Info.plist";
				PRODUCT_NAME = Neoplasm;
				WRAPPER_EXTENSION = app;
			};
			name = Debug;
		};
		818503A71674AFA30021295D /* Release */ = {
			isa = XCBuildConfiguration;
			buildSettings = {
				GCC_PRECOMPILE_PREFIX_HEADER = YES;
				GCC_PREFIX_HEADER = "Neoplasm/Neoplasm-Prefix.pch";
				INFOPLIST_FILE = "$(SRCROOT)/Neoplasm/Neoplasm-Info.plist";
				PRODUCT_NAME = Neoplasm;
				WRAPPER_EXTENSION = app;
			};
			name = Release;
		};
		818503A91674AFA30021295D /* Debug */ = {
			isa = XCBuildConfiguration;
			buildSettings = {
				BUNDLE_LOADER = "$(BUILT_PRODUCTS_DIR)/Cancer.app/Cancer";
				FRAMEWORK_SEARCH_PATHS = (
					"\"$(SDKROOT)/Developer/Library/Frameworks\"",
					"\"$(DEVELOPER_LIBRARY_DIR)/Frameworks\"",
				);
				GCC_PRECOMPILE_PREFIX_HEADER = YES;
				GCC_PREFIX_HEADER = "Cancer/Cancer-Prefix.pch";
				INFOPLIST_FILE = "CancerTests/NeoplasmTests-Info.plist";
				PRODUCT_NAME = NeoplasmTests;
				TEST_HOST = "$(BUNDLE_LOADER)";
				WRAPPER_EXTENSION = octest;
			};
			name = Debug;
		};
		818503AA1674AFA30021295D /* Release */ = {
			isa = XCBuildConfiguration;
			buildSettings = {
				BUNDLE_LOADER = "$(BUILT_PRODUCTS_DIR)/Cancer.app/Cancer";
				FRAMEWORK_SEARCH_PATHS = (
					"\"$(SDKROOT)/Developer/Library/Frameworks\"",
					"\"$(DEVELOPER_LIBRARY_DIR)/Frameworks\"",
				);
				GCC_PRECOMPILE_PREFIX_HEADER = YES;
				GCC_PREFIX_HEADER = "Cancer/Cancer-Prefix.pch";
				INFOPLIST_FILE = "CancerTests/NeoplasmTests-Info.plist";
				PRODUCT_NAME = NeoplasmTests;
				TEST_HOST = "$(BUNDLE_LOADER)";
				WRAPPER_EXTENSION = octest;
			};
			name = Release;
		};
/* End XCBuildConfiguration section */

/* Begin XCConfigurationList section */
		8185036C1674AFA20021295D /* Build configuration list for PBXProject "Neoplasm" */ = {
			isa = XCConfigurationList;
			buildConfigurations = (
				818503A31674AFA30021295D /* Debug */,
				818503A41674AFA30021295D /* Release */,
			);
			defaultConfigurationIsVisible = 0;
			defaultConfigurationName = Release;
		};
		818503A51674AFA30021295D /* Build configuration list for PBXNativeTarget "Neoplasm" */ = {
			isa = XCConfigurationList;
			buildConfigurations = (
				818503A61674AFA30021295D /* Debug */,
				818503A71674AFA30021295D /* Release */,
			);
			defaultConfigurationIsVisible = 0;
			defaultConfigurationName = Release;
		};
		818503A81674AFA30021295D /* Build configuration list for PBXNativeTarget "NeoplasmTests" */ = {
			isa = XCConfigurationList;
			buildConfigurations = (
				818503A91674AFA30021295D /* Debug */,
				818503AA1674AFA30021295D /* Release */,
			);
			defaultConfigurationIsVisible = 0;
			defaultConfigurationName = Release;
		};
/* End XCConfigurationList section */
	};
	rootObject = 818503691674AFA20021295D /* Project object */;
}
